// !$*UTF8*$!
{
	archiveVersion = 1;
	classes = {
	};
	objectVersion = 46;
	objects = {

/* Begin PBXBuildFile section */
		CB1684561A8932AB002F3D2F /* JRSwizzle.m in Sources */ = {isa = PBXBuildFile; fileRef = CB1684531A8932AB002F3D2F /* JRSwizzle.m */; };
		CB1684571A8932AB002F3D2F /* NSTextStorage+findInFiles.m in Sources */ = {isa = PBXBuildFile; fileRef = CB1684551A8932AB002F3D2F /* NSTextStorage+findInFiles.m */; };
		CB34A6CD1A916C66008B586A /* TemplateIcon.png in Resources */ = {isa = PBXBuildFile; fileRef = CB34A6CA1A916C66008B586A /* TemplateIcon.png */; };
		CB34A6CE1A916C66008B586A /* TemplateIcon@2x.png in Resources */ = {isa = PBXBuildFile; fileRef = CB34A6CB1A916C66008B586A /* TemplateIcon@2x.png */; };
		CB34A6CF1A916C66008B586A /* TemplateInfo.plist in Resources */ = {isa = PBXBuildFile; fileRef = CB34A6CC1A916C66008B586A /* TemplateInfo.plist */; };
		CB4C0ADA1A896281004CCD56 /* DTXcodeUtils.m in Sources */ = {isa = PBXBuildFile; fileRef = CB4C0AD71A896281004CCD56 /* DTXcodeUtils.m */; };
		CB95CB411A600FE000E4AE6D /* AppKit.framework in Frameworks */ = {isa = PBXBuildFile; fileRef = CB95CB401A600FE000E4AE6D /* AppKit.framework */; };
		CB95CB431A600FE000E4AE6D /* Foundation.framework in Frameworks */ = {isa = PBXBuildFile; fileRef = CB95CB421A600FE000E4AE6D /* Foundation.framework */; };
		CB95CB4B1A600FE000E4AE6D /* JWLinkedLog.m in Sources */ = {isa = PBXBuildFile; fileRef = CB95CB4A1A600FE000E4AE6D /* JWLinkedLog.m */; };
/* End PBXBuildFile section */

/* Begin PBXFileReference section */
		CB1684521A8932AB002F3D2F /* JRSwizzle.h */ = {isa = PBXFileReference; fileEncoding = 4; lastKnownFileType = sourcecode.c.h; path = JRSwizzle.h; sourceTree = "<group>"; };
		CB1684531A8932AB002F3D2F /* JRSwizzle.m */ = {isa = PBXFileReference; fileEncoding = 4; lastKnownFileType = sourcecode.c.objc; path = JRSwizzle.m; sourceTree = "<group>"; };
		CB1684541A8932AB002F3D2F /* NSTextStorage+findInFiles.h */ = {isa = PBXFileReference; fileEncoding = 4; lastKnownFileType = sourcecode.c.h; path = "NSTextStorage+findInFiles.h"; sourceTree = "<group>"; };
		CB1684551A8932AB002F3D2F /* NSTextStorage+findInFiles.m */ = {isa = PBXFileReference; fileEncoding = 4; lastKnownFileType = sourcecode.c.objc; path = "NSTextStorage+findInFiles.m"; sourceTree = "<group>"; };
		CB16845C1A894811002F3D2F /* DVTSourceExpression.h */ = {isa = PBXFileReference; lastKnownFileType = sourcecode.c.h; path = DVTSourceExpression.h; sourceTree = "<group>"; };
		CB34A6C91A916C66008B586A /* ___FILEBASENAME___.pch */ = {isa = PBXFileReference; fileEncoding = 4; lastKnownFileType = sourcecode.c.h; path = "___FILEBASENAME___.pch"; sourceTree = "<group>"; };
		CB34A6CA1A916C66008B586A /* TemplateIcon.png */ = {isa = PBXFileReference; lastKnownFileType = image.png; path = TemplateIcon.png; sourceTree = "<group>"; };
		CB34A6CB1A916C66008B586A /* TemplateIcon@2x.png */ = {isa = PBXFileReference; lastKnownFileType = image.png; path = "TemplateIcon@2x.png"; sourceTree = "<group>"; };
		CB34A6CC1A916C66008B586A /* TemplateInfo.plist */ = {isa = PBXFileReference; fileEncoding = 4; lastKnownFileType = text.plist.xml; path = TemplateInfo.plist; sourceTree = "<group>"; };
		CB4C0AD11A895E9E004CCD56 /* DVTTextDocumentLocation.h */ = {isa = PBXFileReference; lastKnownFileType = sourcecode.c.h; path = DVTTextDocumentLocation.h; sourceTree = "<group>"; };
		CB4C0AD21A895EF2004CCD56 /* DVTDocumentLocation.h */ = {isa = PBXFileReference; lastKnownFileType = sourcecode.c.h; path = DVTDocumentLocation.h; sourceTree = "<group>"; };
		CB4C0AD31A895F48004CCD56 /* DVTSimpleSerialization-Protocol.h */ = {isa = PBXFileReference; lastKnownFileType = sourcecode.c.h; path = "DVTSimpleSerialization-Protocol.h"; sourceTree = "<group>"; };
		CB4C0AD61A896281004CCD56 /* DTXcodeUtils.h */ = {isa = PBXFileReference; fileEncoding = 4; lastKnownFileType = sourcecode.c.h; path = DTXcodeUtils.h; sourceTree = "<group>"; };
		CB4C0AD71A896281004CCD56 /* DTXcodeUtils.m */ = {isa = PBXFileReference; fileEncoding = 4; lastKnownFileType = sourcecode.c.objc; path = DTXcodeUtils.m; sourceTree = "<group>"; };
		CB4C0AD91A896281004CCD56 /* DTXcodeHeaders.h */ = {isa = PBXFileReference; fileEncoding = 4; lastKnownFileType = sourcecode.c.h; path = DTXcodeHeaders.h; sourceTree = "<group>"; };
		CB95CB3D1A600FE000E4AE6D /* LinkedLog.xcplugin */ = {isa = PBXFileReference; explicitFileType = wrapper.cfbundle; includeInIndex = 0; path = LinkedLog.xcplugin; sourceTree = BUILT_PRODUCTS_DIR; };
		CB95CB401A600FE000E4AE6D /* AppKit.framework */ = {isa = PBXFileReference; lastKnownFileType = wrapper.framework; name = AppKit.framework; path = /System/Library/Frameworks/AppKit.framework; sourceTree = "<absolute>"; };
		CB95CB421A600FE000E4AE6D /* Foundation.framework */ = {isa = PBXFileReference; lastKnownFileType = wrapper.framework; name = Foundation.framework; path = /System/Library/Frameworks/Foundation.framework; sourceTree = "<absolute>"; };
		CB95CB461A600FE000E4AE6D /* Info.plist */ = {isa = PBXFileReference; lastKnownFileType = text.plist.xml; path = Info.plist; sourceTree = "<group>"; };
		CB95CB491A600FE000E4AE6D /* JWLinkedLog.h */ = {isa = PBXFileReference; lastKnownFileType = sourcecode.c.h; path = JWLinkedLog.h; sourceTree = "<group>"; };
		CB95CB4A1A600FE000E4AE6D /* JWLinkedLog.m */ = {isa = PBXFileReference; lastKnownFileType = sourcecode.c.objc; path = JWLinkedLog.m; sourceTree = "<group>"; };
		CBEE7ECC1A61F1C3003DD744 /* PrefixHeader.pch */ = {isa = PBXFileReference; fileEncoding = 4; lastKnownFileType = sourcecode.c.h; path = PrefixHeader.pch; sourceTree = "<group>"; };
/* End PBXFileReference section */

/* Begin PBXFrameworksBuildPhase section */
		CB95CB3B1A600FE000E4AE6D /* Frameworks */ = {
			isa = PBXFrameworksBuildPhase;
			buildActionMask = 2147483647;
			files = (
				CB95CB411A600FE000E4AE6D /* AppKit.framework in Frameworks */,
				CB95CB431A600FE000E4AE6D /* Foundation.framework in Frameworks */,
			);
			runOnlyForDeploymentPostprocessing = 0;
		};
/* End PBXFrameworksBuildPhase section */

/* Begin PBXGroup section */
		CB34A6C81A916C66008B586A /* PCH File+LLog.xctemplate */ = {
			isa = PBXGroup;
			children = (
				CB34A6C91A916C66008B586A /* ___FILEBASENAME___.pch */,
				CB34A6CA1A916C66008B586A /* TemplateIcon.png */,
				CB34A6CB1A916C66008B586A /* TemplateIcon@2x.png */,
				CB34A6CC1A916C66008B586A /* TemplateInfo.plist */,
			);
			path = "PCH File+LLog.xctemplate";
			sourceTree = "<group>";
		};
		CB4C0AD41A896281004CCD56 /* DTXcodeUtils */ = {
			isa = PBXGroup;
			children = (
				CB4C0AD51A896281004CCD56 /* Classes */,
				CB4C0AD81A896281004CCD56 /* XcodeHeaders */,
			);
			path = DTXcodeUtils;
			sourceTree = "<group>";
		};
		CB4C0AD51A896281004CCD56 /* Classes */ = {
			isa = PBXGroup;
			children = (
				CB4C0AD61A896281004CCD56 /* DTXcodeUtils.h */,
				CB4C0AD71A896281004CCD56 /* DTXcodeUtils.m */,
			);
			path = Classes;
			sourceTree = "<group>";
		};
		CB4C0AD81A896281004CCD56 /* XcodeHeaders */ = {
			isa = PBXGroup;
			children = (
				CB4C0AD91A896281004CCD56 /* DTXcodeHeaders.h */,
			);
			path = XcodeHeaders;
			sourceTree = "<group>";
		};
		CB95CB341A600FE000E4AE6D = {
			isa = PBXGroup;
			children = (
				CB95CB441A600FE000E4AE6D /* JWLinkedLog */,
				CB95CB3F1A600FE000E4AE6D /* Frameworks */,
				CB95CB3E1A600FE000E4AE6D /* Products */,
			);
			sourceTree = "<group>";
		};
		CB95CB3E1A600FE000E4AE6D /* Products */ = {
			isa = PBXGroup;
			children = (
				CB95CB3D1A600FE000E4AE6D /* LinkedLog.xcplugin */,
			);
			name = Products;
			sourceTree = "<group>";
		};
		CB95CB3F1A600FE000E4AE6D /* Frameworks */ = {
			isa = PBXGroup;
			children = (
				CB95CB401A600FE000E4AE6D /* AppKit.framework */,
				CB95CB421A600FE000E4AE6D /* Foundation.framework */,
			);
			name = Frameworks;
			sourceTree = "<group>";
		};
		CB95CB441A600FE000E4AE6D /* JWLinkedLog */ = {
			isa = PBXGroup;
			children = (
				CB95CB491A600FE000E4AE6D /* JWLinkedLog.h */,
				CB95CB4A1A600FE000E4AE6D /* JWLinkedLog.m */,
				CB1684521A8932AB002F3D2F /* JRSwizzle.h */,
				CB1684531A8932AB002F3D2F /* JRSwizzle.m */,
				CB16845C1A894811002F3D2F /* DVTSourceExpression.h */,
				CB4C0AD21A895EF2004CCD56 /* DVTDocumentLocation.h */,
				CB4C0AD11A895E9E004CCD56 /* DVTTextDocumentLocation.h */,
				CB4C0AD31A895F48004CCD56 /* DVTSimpleSerialization-Protocol.h */,
				CB1684541A8932AB002F3D2F /* NSTextStorage+findInFiles.h */,
				CB1684551A8932AB002F3D2F /* NSTextStorage+findInFiles.m */,
				CB4C0AD41A896281004CCD56 /* DTXcodeUtils */,
				CB95CB451A600FE000E4AE6D /* Supporting Files */,
			);
			path = JWLinkedLog;
			sourceTree = "<group>";
		};
		CB95CB451A600FE000E4AE6D /* Supporting Files */ = {
			isa = PBXGroup;
			children = (
				CB34A6C81A916C66008B586A /* PCH File+LLog.xctemplate */,
				CBEE7ECC1A61F1C3003DD744 /* PrefixHeader.pch */,
				CB95CB461A600FE000E4AE6D /* Info.plist */,
			);
			name = "Supporting Files";
			sourceTree = "<group>";
		};
/* End PBXGroup section */

/* Begin PBXNativeTarget section */
		CB95CB3C1A600FE000E4AE6D /* LinkedLog */ = {
			isa = PBXNativeTarget;
			buildConfigurationList = CB95CB4E1A600FE000E4AE6D /* Build configuration list for PBXNativeTarget "LinkedLog" */;
			buildPhases = (
				CB95CB391A600FE000E4AE6D /* Sources */,
				CB95CB3A1A600FE000E4AE6D /* Resources */,
				CB95CB3B1A600FE000E4AE6D /* Frameworks */,
				CB34A6D11A916D34008B586A /* Install PCH File Template */,
			);
			buildRules = (
			);
			dependencies = (
			);
			name = LinkedLog;
			productName = JWLinkedLog;
			productReference = CB95CB3D1A600FE000E4AE6D /* LinkedLog.xcplugin */;
			productType = "com.apple.product-type.bundle";
		};
/* End PBXNativeTarget section */

/* Begin PBXProject section */
		CB95CB351A600FE000E4AE6D /* Project object */ = {
			isa = PBXProject;
			attributes = {
				LastUpgradeCheck = 0610;
				ORGANIZATIONNAME = "Julian Weinert Softwareentwicklung";
				TargetAttributes = {
					CB95CB3C1A600FE000E4AE6D = {
						CreatedOnToolsVersion = 6.1.1;
					};
				};
			};
			buildConfigurationList = CB95CB381A600FE000E4AE6D /* Build configuration list for PBXProject "LinkedLog" */;
			compatibilityVersion = "Xcode 3.2";
			developmentRegion = English;
			hasScannedForEncodings = 0;
			knownRegions = (
				en,
			);
			mainGroup = CB95CB341A600FE000E4AE6D;
			productRefGroup = CB95CB3E1A600FE000E4AE6D /* Products */;
			projectDirPath = "";
			projectRoot = "";
			targets = (
				CB95CB3C1A600FE000E4AE6D /* LinkedLog */,
			);
		};
/* End PBXProject section */

/* Begin PBXResourcesBuildPhase section */
		CB95CB3A1A600FE000E4AE6D /* Resources */ = {
			isa = PBXResourcesBuildPhase;
			buildActionMask = 2147483647;
			files = (
				CB34A6CF1A916C66008B586A /* TemplateInfo.plist in Resources */,
				CB34A6CD1A916C66008B586A /* TemplateIcon.png in Resources */,
				CB34A6CE1A916C66008B586A /* TemplateIcon@2x.png in Resources */,
			);
			runOnlyForDeploymentPostprocessing = 0;
		};
/* End PBXResourcesBuildPhase section */

/* Begin PBXShellScriptBuildPhase section */
		CB34A6D11A916D34008B586A /* Install PCH File Template */ = {
			isa = PBXShellScriptBuildPhase;
			buildActionMask = 12;
			files = (
			);
			inputPaths = (
			);
			name = "Install PCH File Template";
			outputPaths = (
			);
			runOnlyForDeploymentPostprocessing = 0;
			shellPath = /bin/sh;
			shellScript = "cp -rf \"$SRCROOT/JWLinkedLog/PCH File+LLog.xctemplate\" \"$HOME/Library/Developer/Xcode/Templates/File Templates/LinkedLog Templates/PCH File+LLog.xctemplate\"";
		};
/* End PBXShellScriptBuildPhase section */

/* Begin PBXSourcesBuildPhase section */
		CB95CB391A600FE000E4AE6D /* Sources */ = {
			isa = PBXSourcesBuildPhase;
			buildActionMask = 2147483647;
			files = (
				CB1684561A8932AB002F3D2F /* JRSwizzle.m in Sources */,
				CB4C0ADA1A896281004CCD56 /* DTXcodeUtils.m in Sources */,
				CB95CB4B1A600FE000E4AE6D /* JWLinkedLog.m in Sources */,
				CB1684571A8932AB002F3D2F /* NSTextStorage+findInFiles.m in Sources */,
			);
			runOnlyForDeploymentPostprocessing = 0;
		};
/* End PBXSourcesBuildPhase section */

/* Begin XCBuildConfiguration section */
		CB95CB4C1A600FE000E4AE6D /* Debug */ = {
			isa = XCBuildConfiguration;
			buildSettings = {
				ALWAYS_SEARCH_USER_PATHS = NO;
				CLANG_CXX_LANGUAGE_STANDARD = "gnu++0x";
				CLANG_CXX_LIBRARY = "libc++";
				CLANG_ENABLE_MODULES = YES;
				CLANG_ENABLE_OBJC_ARC = YES;
				CLANG_WARN_BOOL_CONVERSION = YES;
				CLANG_WARN_CONSTANT_CONVERSION = YES;
				CLANG_WARN_DIRECT_OBJC_ISA_USAGE = YES_ERROR;
				CLANG_WARN_EMPTY_BODY = YES;
				CLANG_WARN_ENUM_CONVERSION = YES;
				CLANG_WARN_INT_CONVERSION = YES;
				CLANG_WARN_OBJC_ROOT_CLASS = YES_ERROR;
				CLANG_WARN_UNREACHABLE_CODE = YES;
				CLANG_WARN__DUPLICATE_METHOD_MATCH = YES;
				COPY_PHASE_STRIP = NO;
				ENABLE_STRICT_OBJC_MSGSEND = YES;
				GCC_C_LANGUAGE_STANDARD = gnu99;
				GCC_DYNAMIC_NO_PIC = NO;
				GCC_OPTIMIZATION_LEVEL = 0;
				GCC_PREPROCESSOR_DEFINITIONS = (
					"DEBUG=1",
					"$(inherited)",
				);
				GCC_SYMBOLS_PRIVATE_EXTERN = NO;
				GCC_WARN_64_TO_32_BIT_CONVERSION = YES;
				GCC_WARN_ABOUT_RETURN_TYPE = YES_ERROR;
				GCC_WARN_UNDECLARED_SELECTOR = YES;
				GCC_WARN_UNINITIALIZED_AUTOS = YES_AGGRESSIVE;
				GCC_WARN_UNUSED_FUNCTION = YES;
				GCC_WARN_UNUSED_VARIABLE = YES;
				MTL_ENABLE_DEBUG_INFO = YES;
				ONLY_ACTIVE_ARCH = YES;
			};
			name = Debug;
		};
		CB95CB4D1A600FE000E4AE6D /* Release */ = {
			isa = XCBuildConfiguration;
			buildSettings = {
				ALWAYS_SEARCH_USER_PATHS = NO;
				CLANG_CXX_LANGUAGE_STANDARD = "gnu++0x";
				CLANG_CXX_LIBRARY = "libc++";
				CLANG_ENABLE_MODULES = YES;
				CLANG_ENABLE_OBJC_ARC = YES;
				CLANG_WARN_BOOL_CONVERSION = YES;
				CLANG_WARN_CONSTANT_CONVERSION = YES;
				CLANG_WARN_DIRECT_OBJC_ISA_USAGE = YES_ERROR;
				CLANG_WARN_EMPTY_BODY = YES;
				CLANG_WARN_ENUM_CONVERSION = YES;
				CLANG_WARN_INT_CONVERSION = YES;
				CLANG_WARN_OBJC_ROOT_CLASS = YES_ERROR;
				CLANG_WARN_UNREACHABLE_CODE = YES;
				CLANG_WARN__DUPLICATE_METHOD_MATCH = YES;
				COPY_PHASE_STRIP = YES;
				ENABLE_NS_ASSERTIONS = NO;
				ENABLE_STRICT_OBJC_MSGSEND = YES;
				GCC_C_LANGUAGE_STANDARD = gnu99;
				GCC_WARN_64_TO_32_BIT_CONVERSION = YES;
				GCC_WARN_ABOUT_RETURN_TYPE = YES_ERROR;
				GCC_WARN_UNDECLARED_SELECTOR = YES;
				GCC_WARN_UNINITIALIZED_AUTOS = YES_AGGRESSIVE;
				GCC_WARN_UNUSED_FUNCTION = YES;
				GCC_WARN_UNUSED_VARIABLE = YES;
				MTL_ENABLE_DEBUG_INFO = NO;
			};
			name = Release;
		};
		CB95CB4F1A600FE000E4AE6D /* Debug */ = {
			isa = XCBuildConfiguration;
			buildSettings = {
				COMBINE_HIDPI_IMAGES = YES;
				DEPLOYMENT_LOCATION = YES;
				DSTROOT = "$(HOME)";
				GCC_PREFIX_HEADER = JWLinkedLog/PrefixHeader.pch;
				INFOPLIST_FILE = JWLinkedLog/Info.plist;
				INSTALL_PATH = "/Library/Application Support/Developer/Shared/Xcode/Plug-ins";
				MACOSX_DEPLOYMENT_TARGET = 10.10;
				PRODUCT_NAME = LinkedLog;
				WRAPPER_EXTENSION = xcplugin;
			};
			name = Debug;
		};
		CB95CB501A600FE000E4AE6D /* Release */ = {
			isa = XCBuildConfiguration;
			buildSettings = {
				COMBINE_HIDPI_IMAGES = YES;
				DEPLOYMENT_LOCATION = YES;
				DSTROOT = "$(HOME)";
				GCC_PREFIX_HEADER = JWLinkedLog/PrefixHeader.pch;
				INFOPLIST_FILE = JWLinkedLog/Info.plist;
				INSTALL_PATH = "/Library/Application Support/Developer/Shared/Xcode/Plug-ins";
				MACOSX_DEPLOYMENT_TARGET = 10.10;
				PRODUCT_NAME = LinkedLog;
				WRAPPER_EXTENSION = xcplugin;
			};
			name = Release;
		};
/* End XCBuildConfiguration section */

/* Begin XCConfigurationList section */
		CB95CB381A600FE000E4AE6D /* Build configuration list for PBXProject "LinkedLog" */ = {
			isa = XCConfigurationList;
			buildConfigurations = (
				CB95CB4C1A600FE000E4AE6D /* Debug */,
				CB95CB4D1A600FE000E4AE6D /* Release */,
			);
			defaultConfigurationIsVisible = 0;
			defaultConfigurationName = Release;
		};
		CB95CB4E1A600FE000E4AE6D /* Build configuration list for PBXNativeTarget "LinkedLog" */ = {
			isa = XCConfigurationList;
			buildConfigurations = (
				CB95CB4F1A600FE000E4AE6D /* Debug */,
				CB95CB501A600FE000E4AE6D /* Release */,
			);
			defaultConfigurationIsVisible = 0;
			defaultConfigurationName = Release;
		};
/* End XCConfigurationList section */
	};
	rootObject = CB95CB351A600FE000E4AE6D /* Project object */;
}
